
Microsoft Visual Studio Solution File, Format Version 12.00
# Visual Studio Version 16
VisualStudioVersion = 16.0.31313.79
MinimumVisualStudioVersion = 10.0.40219.1
Project("{9A19103F-16F7-4668-BE54-9A1E7A4F7556}") = "NKS.PaymentGateway.API", "NKS.PaymentGateway.API\NKS.PaymentGateway.API.csproj", "{9526B49C-2DB7-4ED3-B4C6-CC9665418FC9}"
	ProjectSection(ProjectDependencies) = postProject
		{C1EB39F5-FA0E-41AC-B0DE-A4E0DBDBDE08} = {C1EB39F5-FA0E-41AC-B0DE-A4E0DBDBDE08}
	EndProjectSection
EndProject
Project("{2150E333-8FDC-42A3-9474-1A3956D46DE8}") = "Tests", "Tests", "{DCED530B-6FAD-4CE3-8BB2-7317559A2090}"
EndProject
Project("{FAE04EC0-301F-11D3-BF4B-00C04F79EFBC}") = "NKS.PaymentGateway.Core", "NKS.PaymentGateway.Core\NKS.PaymentGateway.Core.csproj", "{C1EB39F5-FA0E-41AC-B0DE-A4E0DBDBDE08}"
EndProject
Project("{FAE04EC0-301F-11D3-BF4B-00C04F79EFBC}") = "NKS.PaymentGateway.infrastructure", "NKS.PaymentGateway.infrastructure\NKS.PaymentGateway.infrastructure.csproj", "{3FC6FC11-0293-48D8-A5DB-EA42E86EE4F0}"
EndProject
Project("{FAE04EC0-301F-11D3-BF4B-00C04F79EFBC}") = "NKS.PatmentGateway.UnitTests", "NKS.PatmentGateway.UnitTests\NKS.PatmentGateway.UnitTests.csproj", "{BE023709-295B-49BD-B22B-95D40C8971A5}"
EndProject
Project("{FAE04EC0-301F-11D3-BF4B-00C04F79EFBC}") = "NKS.PatmentGateway.IntegrationTests", "NKS.PatmentGateway.IntegrationTests\NKS.PatmentGateway.IntegrationTests.csproj", "{D8DFC071-DB7A-4D82-9F4A-A3A42D560371}"
EndProject
Global
	GlobalSection(SolutionConfigurationPlatforms) = preSolution
		Debug|Any CPU = Debug|Any CPU
		Release|Any CPU = Release|Any CPU
	EndGlobalSection
	GlobalSection(ProjectConfigurationPlatforms) = postSolution
		{9526B49C-2DB7-4ED3-B4C6-CC9665418FC9}.Debug|Any CPU.ActiveCfg = Debug|Any CPU
		{9526B49C-2DB7-4ED3-B4C6-CC9665418FC9}.Debug|Any CPU.Build.0 = Debug|Any CPU
		{9526B49C-2DB7-4ED3-B4C6-CC9665418FC9}.Release|Any CPU.ActiveCfg = Release|Any CPU
		{9526B49C-2DB7-4ED3-B4C6-CC9665418FC9}.Release|Any CPU.Build.0 = Release|Any CPU
		{C1EB39F5-FA0E-41AC-B0DE-A4E0DBDBDE08}.Debug|Any CPU.ActiveCfg = Debug|Any CPU
		{C1EB39F5-FA0E-41AC-B0DE-A4E0DBDBDE08}.Debug|Any CPU.Build.0 = Debug|Any CPU
		{C1EB39F5-FA0E-41AC-B0DE-A4E0DBDBDE08}.Release|Any CPU.ActiveCfg = Release|Any CPU
		{C1EB39F5-FA0E-41AC-B0DE-A4E0DBDBDE08}.Release|Any CPU.Build.0 = Release|Any CPU
		{3FC6FC11-0293-48D8-A5DB-EA42E86EE4F0}.Debug|Any CPU.ActiveCfg = Debug|Any CPU
		{3FC6FC11-0293-48D8-A5DB-EA42E86EE4F0}.Debug|Any CPU.Build.0 = Debug|Any CPU
		{3FC6FC11-0293-48D8-A5DB-EA42E86EE4F0}.Release|Any CPU.ActiveCfg = Release|Any CPU
		{3FC6FC11-0293-48D8-A5DB-EA42E86EE4F0}.Release|Any CPU.Build.0 = Release|Any CPU
		{BE023709-295B-49BD-B22B-95D40C8971A5}.Debug|Any CPU.ActiveCfg = Debug|Any CPU
		{BE023709-295B-49BD-B22B-95D40C8971A5}.Debug|Any CPU.Build.0 = Debug|Any CPU
		{BE023709-295B-49BD-B22B-95D40C8971A5}.Release|Any CPU.ActiveCfg = Release|Any CPU
		{BE023709-295B-49BD-B22B-95D40C8971A5}.Release|Any CPU.Build.0 = Release|Any CPU
		{D8DFC071-DB7A-4D82-9F4A-A3A42D560371}.Debug|Any CPU.ActiveCfg = Debug|Any CPU
		{D8DFC071-DB7A-4D82-9F4A-A3A42D560371}.Debug|Any CPU.Build.0 = Debug|Any CPU
		{D8DFC071-DB7A-4D82-9F4A-A3A42D560371}.Release|Any CPU.ActiveCfg = Release|Any CPU
		{D8DFC071-DB7A-4D82-9F4A-A3A42D560371}.Release|Any CPU.Build.0 = Release|Any CPU
	EndGlobalSection
	GlobalSection(SolutionProperties) = preSolution
		HideSolutionNode = FALSE
	EndGlobalSection
	GlobalSection(NestedProjects) = preSolution
		{BE023709-295B-49BD-B22B-95D40C8971A5} = {DCED530B-6FAD-4CE3-8BB2-7317559A2090}
		{D8DFC071-DB7A-4D82-9F4A-A3A42D560371} = {DCED530B-6FAD-4CE3-8BB2-7317559A2090}
	EndGlobalSection
	GlobalSection(ExtensibilityGlobals) = postSolution
		SolutionGuid = {8DE83BCE-2655-4BE9-B7E4-1A7BAE429052}
	EndGlobalSection
EndGlobal
